// !$*UTF8*$!
{
	archiveVersion = 1;
	classes = {
	};
	objectVersion = 55;
	objects = {

/* Begin PBXBuildFile section */
		4A39F37128281E4700250F41 /* MacToDoApp.swift in Sources */ = {isa = PBXBuildFile; fileRef = 4A39F37028281E4700250F41 /* MacToDoApp.swift */; };
		4A39F37328281E4700250F41 /* ContentView.swift in Sources */ = {isa = PBXBuildFile; fileRef = 4A39F37228281E4700250F41 /* ContentView.swift */; };
		4A39F37528281E4D00250F41 /* Assets.xcassets in Resources */ = {isa = PBXBuildFile; fileRef = 4A39F37428281E4D00250F41 /* Assets.xcassets */; };
		4A39F37828281E4D00250F41 /* Preview Assets.xcassets in Resources */ = {isa = PBXBuildFile; fileRef = 4A39F37728281E4D00250F41 /* Preview Assets.xcassets */; };
		4A39F37A28281E4D00250F41 /* Persistence.swift in Sources */ = {isa = PBXBuildFile; fileRef = 4A39F37928281E4D00250F41 /* Persistence.swift */; };
		4A39F37D28281E4D00250F41 /* MacToDo.xcdatamodeld in Sources */ = {isa = PBXBuildFile; fileRef = 4A39F37B28281E4D00250F41 /* MacToDo.xcdatamodeld */; };
		4A39F3872828204400250F41 /* CategoryView.swift in Sources */ = {isa = PBXBuildFile; fileRef = 4A39F3862828204400250F41 /* CategoryView.swift */; };
		4A39F3892828221B00250F41 /* AddCategoryView.swift in Sources */ = {isa = PBXBuildFile; fileRef = 4A39F3882828221B00250F41 /* AddCategoryView.swift */; };
		4A39F38B282829AF00250F41 /* ItemView.swift in Sources */ = {isa = PBXBuildFile; fileRef = 4A39F38A282829AF00250F41 /* ItemView.swift */; };
		4A39F38D28282CF200250F41 /* DateHelper.swift in Sources */ = {isa = PBXBuildFile; fileRef = 4A39F38C28282CF200250F41 /* DateHelper.swift */; };
		4A39F38F28282D4500250F41 /* AddItemView.swift in Sources */ = {isa = PBXBuildFile; fileRef = 4A39F38E28282D4500250F41 /* AddItemView.swift */; };
/* End PBXBuildFile section */

/* Begin PBXFileReference section */
		4A39F36D28281E4700250F41 /* MacToDo.app */ = {isa = PBXFileReference; explicitFileType = wrapper.application; includeInIndex = 0; path = MacToDo.app; sourceTree = BUILT_PRODUCTS_DIR; };
		4A39F37028281E4700250F41 /* MacToDoApp.swift */ = {isa = PBXFileReference; lastKnownFileType = sourcecode.swift; path = MacToDoApp.swift; sourceTree = "<group>"; };
		4A39F37228281E4700250F41 /* ContentView.swift */ = {isa = PBXFileReference; lastKnownFileType = sourcecode.swift; path = ContentView.swift; sourceTree = "<group>"; };
		4A39F37428281E4D00250F41 /* Assets.xcassets */ = {isa = PBXFileReference; lastKnownFileType = folder.assetcatalog; path = Assets.xcassets; sourceTree = "<group>"; };
		4A39F37728281E4D00250F41 /* Preview Assets.xcassets */ = {isa = PBXFileReference; lastKnownFileType = folder.assetcatalog; path = "Preview Assets.xcassets"; sourceTree = "<group>"; };
		4A39F37928281E4D00250F41 /* Persistence.swift */ = {isa = PBXFileReference; lastKnownFileType = sourcecode.swift; path = Persistence.swift; sourceTree = "<group>"; };
		4A39F37C28281E4D00250F41 /* MacToDo.xcdatamodel */ = {isa = PBXFileReference; lastKnownFileType = wrapper.xcdatamodel; path = MacToDo.xcdatamodel; sourceTree = "<group>"; };
		4A39F37E28281E4D00250F41 /* MacToDo.entitlements */ = {isa = PBXFileReference; lastKnownFileType = text.plist.entitlements; path = MacToDo.entitlements; sourceTree = "<group>"; };
		4A39F3862828204400250F41 /* CategoryView.swift */ = {isa = PBXFileReference; lastKnownFileType = sourcecode.swift; path = CategoryView.swift; sourceTree = "<group>"; };
		4A39F3882828221B00250F41 /* AddCategoryView.swift */ = {isa = PBXFileReference; lastKnownFileType = sourcecode.swift; path = AddCategoryView.swift; sourceTree = "<group>"; };
		4A39F38A282829AF00250F41 /* ItemView.swift */ = {isa = PBXFileReference; lastKnownFileType = sourcecode.swift; path = ItemView.swift; sourceTree = "<group>"; };
		4A39F38C28282CF200250F41 /* DateHelper.swift */ = {isa = PBXFileReference; lastKnownFileType = sourcecode.swift; path = DateHelper.swift; sourceTree = "<group>"; };
		4A39F38E28282D4500250F41 /* AddItemView.swift */ = {isa = PBXFileReference; lastKnownFileType = sourcecode.swift; path = AddItemView.swift; sourceTree = "<group>"; };
/* End PBXFileReference section */

/* Begin PBXFrameworksBuildPhase section */
		4A39F36A28281E4700250F41 /* Frameworks */ = {
			isa = PBXFrameworksBuildPhase;
			buildActionMask = 2147483647;
			files = (
			);
			runOnlyForDeploymentPostprocessing = 0;
		};
/* End PBXFrameworksBuildPhase section */

/* Begin PBXGroup section */
		4A39F36428281E4700250F41 = {
			isa = PBXGroup;
			children = (
				4A39F36F28281E4700250F41 /* MacToDo */,
				4A39F36E28281E4700250F41 /* Products */,
			);
			sourceTree = "<group>";
		};
		4A39F36E28281E4700250F41 /* Products */ = {
			isa = PBXGroup;
			children = (
				4A39F36D28281E4700250F41 /* MacToDo.app */,
			);
			name = Products;
			sourceTree = "<group>";
		};
		4A39F36F28281E4700250F41 /* MacToDo */ = {
			isa = PBXGroup;
			children = (
				4A39F39428283FFA00250F41 /* Models */,
				4A39F39028283FD300250F41 /* Helpers */,
				4A39F38428281FF400250F41 /* Views */,
				4A39F37028281E4700250F41 /* MacToDoApp.swift */,
				4A39F37428281E4D00250F41 /* Assets.xcassets */,
				4A39F37E28281E4D00250F41 /* MacToDo.entitlements */,
				4A39F37B28281E4D00250F41 /* MacToDo.xcdatamodeld */,
				4A39F37628281E4D00250F41 /* Preview Content */,
			);
			path = MacToDo;
			sourceTree = "<group>";
		};
		4A39F37628281E4D00250F41 /* Preview Content */ = {
			isa = PBXGroup;
			children = (
				4A39F37728281E4D00250F41 /* Preview Assets.xcassets */,
			);
			path = "Preview Content";
			sourceTree = "<group>";
		};
		4A39F38428281FF400250F41 /* Views */ = {
			isa = PBXGroup;
			children = (
				4A39F37228281E4700250F41 /* ContentView.swift */,
				4A39F39228283FE100250F41 /* Category */,
				4A39F39128283FDD00250F41 /* Item */,
			);
			path = Views;
			sourceTree = "<group>";
		};
		4A39F39028283FD300250F41 /* Helpers */ = {
			isa = PBXGroup;
			children = (
				4A39F38C28282CF200250F41 /* DateHelper.swift */,
			);
			path = Helpers;
			sourceTree = "<group>";
		};
		4A39F39128283FDD00250F41 /* Item */ = {
			isa = PBXGroup;
			children = (
				4A39F38A282829AF00250F41 /* ItemView.swift */,
				4A39F38E28282D4500250F41 /* AddItemView.swift */,
			);
			path = Item;
			sourceTree = "<group>";
		};
		4A39F39228283FE100250F41 /* Category */ = {
			isa = PBXGroup;
			children = (
				4A39F3862828204400250F41 /* CategoryView.swift */,
				4A39F3882828221B00250F41 /* AddCategoryView.swift */,
			);
			path = Category;
			sourceTree = "<group>";
		};
		4A39F39428283FFA00250F41 /* Models */ = {
			isa = PBXGroup;
			children = (
				4A39F37928281E4D00250F41 /* Persistence.swift */,
			);
			path = Models;
			sourceTree = "<group>";
		};
/* End PBXGroup section */

/* Begin PBXNativeTarget section */
		4A39F36C28281E4700250F41 /* MacToDo */ = {
			isa = PBXNativeTarget;
			buildConfigurationList = 4A39F38128281E4D00250F41 /* Build configuration list for PBXNativeTarget "MacToDo" */;
			buildPhases = (
				4A39F36928281E4700250F41 /* Sources */,
				4A39F36A28281E4700250F41 /* Frameworks */,
				4A39F36B28281E4700250F41 /* Resources */,
			);
			buildRules = (
			);
			dependencies = (
			);
			name = MacToDo;
			productName = MacToDo;
			productReference = 4A39F36D28281E4700250F41 /* MacToDo.app */;
			productType = "com.apple.product-type.application";
		};
/* End PBXNativeTarget section */

/* Begin PBXProject section */
		4A39F36528281E4700250F41 /* Project object */ = {
			isa = PBXProject;
			attributes = {
				BuildIndependentTargetsInParallel = 1;
				LastSwiftUpdateCheck = 1330;
				LastUpgradeCheck = 1330;
				TargetAttributes = {
					4A39F36C28281E4700250F41 = {
						CreatedOnToolsVersion = 13.3;
					};
				};
			};
			buildConfigurationList = 4A39F36828281E4700250F41 /* Build configuration list for PBXProject "MacToDo" */;
			compatibilityVersion = "Xcode 13.0";
			developmentRegion = en;
			hasScannedForEncodings = 0;
			knownRegions = (
				en,
				Base,
			);
			mainGroup = 4A39F36428281E4700250F41;
			productRefGroup = 4A39F36E28281E4700250F41 /* Products */;
			projectDirPath = "";
			projectRoot = "";
			targets = (
				4A39F36C28281E4700250F41 /* MacToDo */,
			);
		};
/* End PBXProject section */

/* Begin PBXResourcesBuildPhase section */
		4A39F36B28281E4700250F41 /* Resources */ = {
			isa = PBXResourcesBuildPhase;
			buildActionMask = 2147483647;
			files = (
				4A39F37828281E4D00250F41 /* Preview Assets.xcassets in Resources */,
				4A39F37528281E4D00250F41 /* Assets.xcassets in Resources */,
			);
			runOnlyForDeploymentPostprocessing = 0;
		};
/* End PBXResourcesBuildPhase section */

/* Begin PBXSourcesBuildPhase section */
		4A39F36928281E4700250F41 /* Sources */ = {
			isa = PBXSourcesBuildPhase;
			buildActionMask = 2147483647;
			files = (
				4A39F3892828221B00250F41 /* AddCategoryView.swift in Sources */,
				4A39F38F28282D4500250F41 /* AddItemView.swift in Sources */,
				4A39F38D28282CF200250F41 /* DateHelper.swift in Sources */,
				4A39F37A28281E4D00250F41 /* Persistence.swift in Sources */,
				4A39F37328281E4700250F41 /* ContentView.swift in Sources */,
				4A39F37128281E4700250F41 /* MacToDoApp.swift in Sources */,
				4A39F38B282829AF00250F41 /* ItemView.swift in Sources */,
				4A39F37D28281E4D00250F41 /* MacToDo.xcdatamodeld in Sources */,
				4A39F3872828204400250F41 /* CategoryView.swift in Sources */,
			);
			runOnlyForDeploymentPostprocessing = 0;
		};
/* End PBXSourcesBuildPhase section */

/* Begin XCBuildConfiguration section */
		4A39F37F28281E4D00250F41 /* Debug */ = {
			isa = XCBuildConfiguration;
			buildSettings = {
				ALWAYS_SEARCH_USER_PATHS = NO;
				CLANG_ANALYZER_NONNULL = YES;
				CLANG_ANALYZER_NUMBER_OBJECT_CONVERSION = YES_AGGRESSIVE;
				CLANG_CXX_LANGUAGE_STANDARD = "gnu++17";
				CLANG_ENABLE_MODULES = YES;
				CLANG_ENABLE_OBJC_ARC = YES;
				CLANG_ENABLE_OBJC_WEAK = YES;
				CLANG_WARN_BLOCK_CAPTURE_AUTORELEASING = YES;
				CLANG_WARN_BOOL_CONVERSION = YES;
				CLANG_WARN_COMMA = YES;
				CLANG_WARN_CONSTANT_CONVERSION = YES;
				CLANG_WARN_DEPRECATED_OBJC_IMPLEMENTATIONS = YES;
				CLANG_WARN_DIRECT_OBJC_ISA_USAGE = YES_ERROR;
				CLANG_WARN_DOCUMENTATION_COMMENTS = YES;
				CLANG_WARN_EMPTY_BODY = YES;
				CLANG_WARN_ENUM_CONVERSION = YES;
				CLANG_WARN_INFINITE_RECURSION = YES;
				CLANG_WARN_INT_CONVERSION = YES;
				CLANG_WARN_NON_LITERAL_NULL_CONVERSION = YES;
				CLANG_WARN_OBJC_IMPLICIT_RETAIN_SELF = YES;
				CLANG_WARN_OBJC_LITERAL_CONVERSION = YES;
				CLANG_WARN_OBJC_ROOT_CLASS = YES_ERROR;
				CLANG_WARN_QUOTED_INCLUDE_IN_FRAMEWORK_HEADER = YES;
				CLANG_WARN_RANGE_LOOP_ANALYSIS = YES;
				CLANG_WARN_STRICT_PROTOTYPES = YES;
				CLANG_WARN_SUSPICIOUS_MOVE = YES;
				CLANG_WARN_UNGUARDED_AVAILABILITY = YES_AGGRESSIVE;
				CLANG_WARN_UNREACHABLE_CODE = YES;
				CLANG_WARN__DUPLICATE_METHOD_MATCH = YES;
				COPY_PHASE_STRIP = NO;
				DEBUG_INFORMATION_FORMAT = dwarf;
				ENABLE_STRICT_OBJC_MSGSEND = YES;
				ENABLE_TESTABILITY = YES;
				GCC_C_LANGUAGE_STANDARD = gnu11;
				GCC_DYNAMIC_NO_PIC = NO;
				GCC_NO_COMMON_BLOCKS = YES;
				GCC_OPTIMIZATION_LEVEL = 0;
				GCC_PREPROCESSOR_DEFINITIONS = (
					"DEBUG=1",
					"$(inherited)",
				);
				GCC_WARN_64_TO_32_BIT_CONVERSION = YES;
				GCC_WARN_ABOUT_RETURN_TYPE = YES_ERROR;
				GCC_WARN_UNDECLARED_SELECTOR = YES;
				GCC_WARN_UNINITIALIZED_AUTOS = YES_AGGRESSIVE;
				GCC_WARN_UNUSED_FUNCTION = YES;
				GCC_WARN_UNUSED_VARIABLE = YES;
				MACOSX_DEPLOYMENT_TARGET = 12.3;
				MTL_ENABLE_DEBUG_INFO = INCLUDE_SOURCE;
				MTL_FAST_MATH = YES;
				ONLY_ACTIVE_ARCH = YES;
				SDKROOT = macosx;
				SWIFT_ACTIVE_COMPILATION_CONDITIONS = DEBUG;
				SWIFT_OPTIMIZATION_LEVEL = "-Onone";
			};
			name = Debug;
		};
		4A39F38028281E4D00250F41 /* Release */ = {
			isa = XCBuildConfiguration;
			buildSettings = {
				ALWAYS_SEARCH_USER_PATHS = NO;
				CLANG_ANALYZER_NONNULL = YES;
				CLANG_ANALYZER_NUMBER_OBJECT_CONVERSION = YES_AGGRESSIVE;
				CLANG_CXX_LANGUAGE_STANDARD = "gnu++17";
				CLANG_ENABLE_MODULES = YES;
				CLANG_ENABLE_OBJC_ARC = YES;
				CLANG_ENABLE_OBJC_WEAK = YES;
				CLANG_WARN_BLOCK_CAPTURE_AUTORELEASING = YES;
				CLANG_WARN_BOOL_CONVERSION = YES;
				CLANG_WARN_COMMA = YES;
				CLANG_WARN_CONSTANT_CONVERSION = YES;
				CLANG_WARN_DEPRECATED_OBJC_IMPLEMENTATIONS = YES;
				CLANG_WARN_DIRECT_OBJC_ISA_USAGE = YES_ERROR;
				CLANG_WARN_DOCUMENTATION_COMMENTS = YES;
				CLANG_WARN_EMPTY_BODY = YES;
				CLANG_WARN_ENUM_CONVERSION = YES;
				CLANG_WARN_INFINITE_RECURSION = YES;
				CLANG_WARN_INT_CONVERSION = YES;
				CLANG_WARN_NON_LITERAL_NULL_CONVERSION = YES;
				CLANG_WARN_OBJC_IMPLICIT_RETAIN_SELF = YES;
				CLANG_WARN_OBJC_LITERAL_CONVERSION = YES;
				CLANG_WARN_OBJC_ROOT_CLASS = YES_ERROR;
				CLANG_WARN_QUOTED_INCLUDE_IN_FRAMEWORK_HEADER = YES;
				CLANG_WARN_RANGE_LOOP_ANALYSIS = YES;
				CLANG_WARN_STRICT_PROTOTYPES = YES;
				CLANG_WARN_SUSPICIOUS_MOVE = YES;
				CLANG_WARN_UNGUARDED_AVAILABILITY = YES_AGGRESSIVE;
				CLANG_WARN_UNREACHABLE_CODE = YES;
				CLANG_WARN__DUPLICATE_METHOD_MATCH = YES;
				COPY_PHASE_STRIP = NO;
				DEBUG_INFORMATION_FORMAT = "dwarf-with-dsym";
				ENABLE_NS_ASSERTIONS = NO;
				ENABLE_STRICT_OBJC_MSGSEND = YES;
				GCC_C_LANGUAGE_STANDARD = gnu11;
				GCC_NO_COMMON_BLOCKS = YES;
				GCC_WARN_64_TO_32_BIT_CONVERSION = YES;
				GCC_WARN_ABOUT_RETURN_TYPE = YES_ERROR;
				GCC_WARN_UNDECLARED_SELECTOR = YES;
				GCC_WARN_UNINITIALIZED_AUTOS = YES_AGGRESSIVE;
				GCC_WARN_UNUSED_FUNCTION = YES;
				GCC_WARN_UNUSED_VARIABLE = YES;
				MACOSX_DEPLOYMENT_TARGET = 12.3;
				MTL_ENABLE_DEBUG_INFO = NO;
				MTL_FAST_MATH = YES;
				SDKROOT = macosx;
				SWIFT_COMPILATION_MODE = wholemodule;
				SWIFT_OPTIMIZATION_LEVEL = "-O";
			};
			name = Release;
		};
		4A39F38228281E4D00250F41 /* Debug */ = {
			isa = XCBuildConfiguration;
			buildSettings = {
				ASSETCATALOG_COMPILER_APPICON_NAME = AppIcon;
				ASSETCATALOG_COMPILER_GLOBAL_ACCENT_COLOR_NAME = AccentColor;
				CODE_SIGN_ENTITLEMENTS = MacToDo/MacToDo.entitlements;
				CODE_SIGN_STYLE = Automatic;
				COMBINE_HIDPI_IMAGES = YES;
				CURRENT_PROJECT_VERSION = 1;
				DEVELOPMENT_ASSET_PATHS = "\"MacToDo/Preview Content\"";
				DEVELOPMENT_TEAM = X9ZWB64F79;
				ENABLE_HARDENED_RUNTIME = YES;
				ENABLE_PREVIEWS = YES;
				GENERATE_INFOPLIST_FILE = YES;
				INFOPLIST_KEY_NSHumanReadableCopyright = "";
				LD_RUNPATH_SEARCH_PATHS = (
					"$(inherited)",
					"@executable_path/../Frameworks",
				);
				MACOSX_DEPLOYMENT_TARGET = 12.0;
				MARKETING_VERSION = 1.0;
				PRODUCT_BUNDLE_IDENTIFIER = felipe.MacToDo;
				PRODUCT_NAME = "$(TARGET_NAME)";
				SWIFT_EMIT_LOC_STRINGS = YES;
				SWIFT_VERSION = 5.0;
			};
			name = Debug;
		};
		4A39F38328281E4D00250F41 /* Release */ = {
			isa = XCBuildConfiguration;
			buildSettings = {
				ASSETCATALOG_COMPILER_APPICON_NAME = AppIcon;
				ASSETCATALOG_COMPILER_GLOBAL_ACCENT_COLOR_NAME = AccentColor;
				CODE_SIGN_ENTITLEMENTS = MacToDo/MacToDo.entitlements;
				CODE_SIGN_STYLE = Automatic;
				COMBINE_HIDPI_IMAGES = YES;
				CURRENT_PROJECT_VERSION = 1;
				DEVELOPMENT_ASSET_PATHS = "\"MacToDo/Preview Content\"";
				DEVELOPMENT_TEAM = X9ZWB64F79;
				ENABLE_HARDENED_RUNTIME = YES;
				ENABLE_PREVIEWS = YES;
				GENERATE_INFOPLIST_FILE = YES;
				INFOPLIST_KEY_NSHumanReadableCopyright = "";
				LD_RUNPATH_SEARCH_PATHS = (
					"$(inherited)",
					"@executable_path/../Frameworks",
				);
				MACOSX_DEPLOYMENT_TARGET = 12.0;
				MARKETING_VERSION = 1.0;
				PRODUCT_BUNDLE_IDENTIFIER = felipe.MacToDo;
				PRODUCT_NAME = "$(TARGET_NAME)";
				SWIFT_EMIT_LOC_STRINGS = YES;
				SWIFT_VERSION = 5.0;
			};
			name = Release;
		};
/* End XCBuildConfiguration section */

/* Begin XCConfigurationList section */
		4A39F36828281E4700250F41 /* Build configuration list for PBXProject "MacToDo" */ = {
			isa = XCConfigurationList;
			buildConfigurations = (
				4A39F37F28281E4D00250F41 /* Debug */,
				4A39F38028281E4D00250F41 /* Release */,
			);
			defaultConfigurationIsVisible = 0;
			defaultConfigurationName = Release;
		};
		4A39F38128281E4D00250F41 /* Build configuration list for PBXNativeTarget "MacToDo" */ = {
			isa = XCConfigurationList;
			buildConfigurations = (
				4A39F38228281E4D00250F41 /* Debug */,
				4A39F38328281E4D00250F41 /* Release */,
			);
			defaultConfigurationIsVisible = 0;
			defaultConfigurationName = Release;
		};
/* End XCConfigurationList section */

/* Begin XCVersionGroup section */
		4A39F37B28281E4D00250F41 /* MacToDo.xcdatamodeld */ = {
			isa = XCVersionGroup;
			children = (
				4A39F37C28281E4D00250F41 /* MacToDo.xcdatamodel */,
			);
			currentVersion = 4A39F37C28281E4D00250F41 /* MacToDo.xcdatamodel */;
			path = MacToDo.xcdatamodeld;
			sourceTree = "<group>";
			versionGroupType = wrapper.xcdatamodel;
		};
/* End XCVersionGroup section */
	};
	rootObject = 4A39F36528281E4700250F41 /* Project object */;
}
